# THIS IS AN AUTOGENERATED FILE. DO NOT EDIT THIS FILE DIRECTLY.
# yarn lockfile v1


"@emotion/cache@^10.0.27":
  version "10.0.29"
  resolved "https://registry.yarnpkg.com/@emotion/cache/-/cache-10.0.29.tgz#87e7e64f412c060102d589fe7c6dc042e6f9d1e0"
  integrity sha512-fU2VtSVlHiF27empSbxi1O2JFdNWZO+2NFHfwO0pxgTep6Xa3uGb+3pVKfLww2l/IBGLNEZl5Xf/++A4wAYDYQ==
  dependencies:
    "@emotion/sheet" "0.9.4"
    "@emotion/stylis" "0.8.5"
    "@emotion/utils" "0.11.3"
    "@emotion/weak-memoize" "0.2.5"

"@emotion/hash@0.8.0":
  version "0.8.0"
  resolved "https://registry.yarnpkg.com/@emotion/hash/-/hash-0.8.0.tgz#bbbff68978fefdbe68ccb533bc8cbe1d1afb5413"
  integrity sha512-kBJtf7PH6aWwZ6fka3zQ0p6SBYzx4fl1LoZXE2RrnYST9Xljm7WfKJrU4g/Xr3Beg72MLrp1AWNUmuYJTL7Cow==

"@emotion/memoize@0.7.4":
  version "0.7.4"
  resolved "https://registry.yarnpkg.com/@emotion/memoize/-/memoize-0.7.4.tgz#19bf0f5af19149111c40d98bb0cf82119f5d9eeb"
  integrity sha512-Ja/Vfqe3HpuzRsG1oBtWTHk2PGZ7GR+2Vz5iYGelAw8dx32K0y7PjVuxK6z1nMpZOqAFsRUPCkK1YjJ56qJlgw==

"@emotion/serialize@^0.11.15":
  version "0.11.16"
  resolved "https://registry.yarnpkg.com/@emotion/serialize/-/serialize-0.11.16.tgz#dee05f9e96ad2fb25a5206b6d759b2d1ed3379ad"
  integrity sha512-G3J4o8by0VRrO+PFeSc3js2myYNOXVJ3Ya+RGVxnshRYgsvErfAOglKAiy1Eo1vhzxqtUvjCyS5gtewzkmvSSg==
  dependencies:
    "@emotion/hash" "0.8.0"
    "@emotion/memoize" "0.7.4"
    "@emotion/unitless" "0.7.5"
    "@emotion/utils" "0.11.3"
    csstype "^2.5.7"

"@emotion/sheet@0.9.4":
  version "0.9.4"
  resolved "https://registry.yarnpkg.com/@emotion/sheet/-/sheet-0.9.4.tgz#894374bea39ec30f489bbfc3438192b9774d32e5"
  integrity sha512-zM9PFmgVSqBw4zL101Q0HrBVTGmpAxFZH/pYx/cjJT5advXguvcgjHFTCaIO3enL/xr89vK2bh0Mfyj9aa0ANA==

"@emotion/stylis@0.8.5":
  version "0.8.5"
  resolved "https://registry.yarnpkg.com/@emotion/stylis/-/stylis-0.8.5.tgz#deacb389bd6ee77d1e7fcaccce9e16c5c7e78e04"
  integrity sha512-h6KtPihKFn3T9fuIrwvXXUOwlx3rfUvfZIcP5a6rh8Y7zjE3O06hT5Ss4S/YI1AYhuZ1kjaE/5EaOOI2NqSylQ==

"@emotion/unitless@0.7.5":
  version "0.7.5"
  resolved "https://registry.yarnpkg.com/@emotion/unitless/-/unitless-0.7.5.tgz#77211291c1900a700b8a78cfafda3160d76949ed"
  integrity sha512-OWORNpfjMsSSUBVrRBVGECkhWcULOAJz9ZW8uK9qgxD+87M7jHRcvh/A96XXNhXTLmKcoYSQtBEX7lHMO7YRwg==

"@emotion/utils@0.11.3":
  version "0.11.3"
  resolved "https://registry.yarnpkg.com/@emotion/utils/-/utils-0.11.3.tgz#a759863867befa7e583400d322652a3f44820924"
  integrity sha512-0o4l6pZC+hI88+bzuaX/6BgOvQVhbt2PfmxauVaYOGgbsAw14wdKyvMCZXnsnsHys94iadcF+RG/wZyx6+ZZBw==

"@emotion/weak-memoize@0.2.5":
  version "0.2.5"
  resolved "https://registry.yarnpkg.com/@emotion/weak-memoize/-/weak-memoize-0.2.5.tgz#8eed982e2ee6f7f4e44c253e12962980791efd46"
  integrity sha512-6U71C2Wp7r5XtFtQzYrW5iKFT67OixrSxjI4MptCHzdSVlgabczzqLe0ZSgnub/5Kp4hSbpDB1tMytZY9pwxxA==

classnames@2.2.6:
  version "2.2.6"
  resolved "https://registry.yarnpkg.com/classnames/-/classnames-2.2.6.tgz#43935bffdd291f326dad0a205309b38d00f650ce"
  integrity sha512-JR/iSQOSt+LQIWwrwEzJ9uk0xfN3mTVYMwt1Ir5mUcSN6pU+V4zQFFaJsclJbPuAUQH+yfWef6tm7l1quW3C8Q==

create-emotion@10.0.27:
  version "10.0.27"
  resolved "https://registry.yarnpkg.com/create-emotion/-/create-emotion-10.0.27.tgz#cb4fa2db750f6ca6f9a001a33fbf1f6c46789503"
  integrity sha512-fIK73w82HPPn/RsAij7+Zt8eCE8SptcJ3WoRMfxMtjteYxud8GDTKKld7MYwAX2TVhrw29uR1N/bVGxeStHILg==
  dependencies:
    "@emotion/cache" "^10.0.27"
    "@emotion/serialize" "^0.11.15"
    "@emotion/sheet" "0.9.4"
    "@emotion/utils" "0.11.3"

csstype@^2.5.7:
  version "2.6.16"
  resolved "https://registry.yarnpkg.com/csstype/-/csstype-2.6.16.tgz#544d69f547013b85a40d15bff75db38f34fe9c39"
  integrity sha512-61FBWoDHp/gRtsoDkq/B1nWrCUG/ok1E3tUrcNbZjsE9Cxd9yzUirjS3+nAATB8U4cTtaQmAHbNndoFz5L6C9Q==

"js-tokens@^3.0.0 || ^4.0.0":
  version "4.0.0"
  resolved "https://registry.yarnpkg.com/js-tokens/-/js-tokens-4.0.0.tgz#19203fb59991df98e3a287050d4647cdeaf32499"
  integrity sha512-RdJUflcE3cUzKiMqQgsCu06FPu9UdIJO0beYbPhHN4k6apgJtifcoCtT9bcxOpYBtpD2kCM6Sbzg4CausW/PKQ==

loose-envify@^1.4.0:
  version "1.4.0"
  resolved "https://registry.yarnpkg.com/loose-envify/-/loose-envify-1.4.0.tgz#71ee51fa7be4caec1a63839f7e682d8132d30caf"
  integrity sha512-lyuxPGr/Wfhrlem2CL/UcnUc1zcqKAImBDzukY7Y5F/yQiNdko6+fRLevlw1HgMySw7f611UIY408EtxRSoK3Q==
  dependencies:
    js-tokens "^3.0.0 || ^4.0.0"

math-random@2.0.1:
  version "2.0.1"
  resolved "https://registry.yarnpkg.com/math-random/-/math-random-2.0.1.tgz#5604b16c6a9a4aee63aff13937fb909b27e46b3a"
  integrity sha512-oIEbWiVDxDpl5tIF4S6zYS9JExhh3bun3uLb3YAinHPTlRtW4g1S66LtJrJ4Npq8dgIa8CLK5iPVah5n4n0s2w==

object-assign@^4.1.1:
  version "4.1.1"
  resolved "https://registry.yarnpkg.com/object-assign/-/object-assign-4.1.1.tgz#2109adc7965887cfc05cbbd442cac8bfbb360863"
  integrity sha1-IQmtx5ZYh8/AXLvUQsrIv7s2CGM=

prop-types@15.7.2:
  version "15.7.2"
  resolved "https://registry.yarnpkg.com/prop-types/-/prop-types-15.7.2.tgz#52c41e75b8c87e72b9d9360e0206b99dcbffa6c5"
  integrity sha512-8QQikdH7//R2vurIJSutZ1smHYTcLpRWEOlHnzcWHmBYrOGUysKwSsrC89BCiFj3CbrfJ/nXFdJepOVrY1GCHQ==
  dependencies:
    loose-envify "^1.4.0"
    object-assign "^4.1.1"
    react-is "^16.8.1"

react-is@^16.8.1:
  version "16.13.1"
  resolved "https://registry.yarnpkg.com/react-is/-/react-is-16.13.1.tgz#789729a4dc36de2999dc156dd6c1d9c18cea56a4"
  integrity sha512-24e6ynE2H+OKt4kqsOvNd8kBpV65zoxbA4BVsEOB3ARVWQki/DHzaUoC5KuON/BiccDaCCTZBuOcfZs70kR8bQ==

react-scroll-to-bottom@^4.1.0:
  version "4.1.0"
  resolved "https://registry.yarnpkg.com/react-scroll-to-bottom/-/react-scroll-to-bottom-4.1.0.tgz#e39955aeaea27e36adb601de552b91a58f7be662"
  integrity sha512-atWRfdhLFCG2dK4kAsCDCYvl327DDEi5BMO0kIU4D12u2o2UX+GmlKO8m7sPW86Vb3MlqL3+Gawv/79VQ90tXQ==
  dependencies:
    classnames "2.2.6"
    create-emotion "10.0.27"
    math-random "2.0.1"
    prop-types "15.7.2"
    simple-update-in "2.2.0"

simple-update-in@2.2.0:
  version "2.2.0"
  resolved "https://registry.yarnpkg.com/simple-update-in/-/simple-update-in-2.2.0.tgz#86607662635ea12e59b5341044244902aa7db1c8"
  integrity sha512-FrW41lLiOs82jKxwq39UrE1HDAHOvirKWk4Nv8tqnFFFknVbTxcHZzDS4vt02qqdU/5+KNsQHWzhKHznDBmrww==
